// !$*UTF8*$!
{
	archiveVersion = 1;
	classes = {
	};
	objectVersion = 51;
	objects = {

/* Begin PBXBuildFile section */
		52150AED26E503DB00878532 /* BaseResponse.swift in Sources */ = {isa = PBXBuildFile; fileRef = 52150AEC26E503DB00878532 /* BaseResponse.swift */; };
		52150AEF26E50EB000878532 /* MenuPresenter.swift in Sources */ = {isa = PBXBuildFile; fileRef = 52150AEE26E50EB000878532 /* MenuPresenter.swift */; };
		52150AF126E50EB700878532 /* MenuRouter.swift in Sources */ = {isa = PBXBuildFile; fileRef = 52150AF026E50EB700878532 /* MenuRouter.swift */; };
		52150AF326E50EC300878532 /* MenuInteractor.swift in Sources */ = {isa = PBXBuildFile; fileRef = 52150AF226E50EC300878532 /* MenuInteractor.swift */; };
		52150AF526E5179300878532 /* ErrorTracker.swift in Sources */ = {isa = PBXBuildFile; fileRef = 52150AF426E5179300878532 /* ErrorTracker.swift */; };
		52150AF726E517AA00878532 /* ActivityTracker.swift in Sources */ = {isa = PBXBuildFile; fileRef = 52150AF626E517AA00878532 /* ActivityTracker.swift */; };
		52150AF926E517DE00878532 /* Reactive.swift in Sources */ = {isa = PBXBuildFile; fileRef = 52150AF826E517DE00878532 /* Reactive.swift */; };
		52150AFB26E52D9100878532 /* Double.swift in Sources */ = {isa = PBXBuildFile; fileRef = 52150AFA26E52D9100878532 /* Double.swift */; };
		5216070526E3B27500025196 /* CartCell.swift in Sources */ = {isa = PBXBuildFile; fileRef = 5216070326E3B27500025196 /* CartCell.swift */; };
		5216070626E3B27500025196 /* CartCell.xib in Resources */ = {isa = PBXBuildFile; fileRef = 5216070426E3B27500025196 /* CartCell.xib */; };
		5216070D26E3B52700025196 /* OrderVC.swift in Sources */ = {isa = PBXBuildFile; fileRef = 5216070C26E3B52700025196 /* OrderVC.swift */; };
		5216070F26E3B53200025196 /* InformationVC.swift in Sources */ = {isa = PBXBuildFile; fileRef = 5216070E26E3B53200025196 /* InformationVC.swift */; };
		5216071126E3B54100025196 /* CartVC.swift in Sources */ = {isa = PBXBuildFile; fileRef = 5216071026E3B54100025196 /* CartVC.swift */; };
		5216071326E3B57E00025196 /* HomeRouter.swift in Sources */ = {isa = PBXBuildFile; fileRef = 5216071226E3B57E00025196 /* HomeRouter.swift */; };
		5216071526E3B5CE00025196 /* Cart.storyboard in Resources */ = {isa = PBXBuildFile; fileRef = 5216071426E3B5CE00025196 /* Cart.storyboard */; };
		5216071726E3B76600025196 /* Menu.storyboard in Resources */ = {isa = PBXBuildFile; fileRef = 5216071626E3B76600025196 /* Menu.storyboard */; };
		5216071926E3B79200025196 /* Order.storyboard in Resources */ = {isa = PBXBuildFile; fileRef = 5216071826E3B79200025196 /* Order.storyboard */; };
		5216071C26E3B9E500025196 /* CartContainerVC.swift in Sources */ = {isa = PBXBuildFile; fileRef = 5216071B26E3B9E500025196 /* CartContainerVC.swift */; };
		5216071F26E3C1F700025196 /* CartFooterCell.swift in Sources */ = {isa = PBXBuildFile; fileRef = 5216071D26E3C1F700025196 /* CartFooterCell.swift */; };
		5216072026E3C1F700025196 /* CartFooterCell.xib in Resources */ = {isa = PBXBuildFile; fileRef = 5216071E26E3C1F700025196 /* CartFooterCell.xib */; };
		5216072226E3C66A00025196 /* BaseVC.swift in Sources */ = {isa = PBXBuildFile; fileRef = 5216072126E3C66A00025196 /* BaseVC.swift */; };
		522E3FB826E5EC1D006FBC55 /* drink.json in Resources */ = {isa = PBXBuildFile; fileRef = 522E3FB726E5EC1D006FBC55 /* drink.json */; };
		522FB21C26E32BB00031F67A /* Constants.swift in Sources */ = {isa = PBXBuildFile; fileRef = 522FB21B26E32BB00031F67A /* Constants.swift */; };
		522FB21E26E341140031F67A /* SwipePageVC.swift in Sources */ = {isa = PBXBuildFile; fileRef = 522FB21D26E341140031F67A /* SwipePageVC.swift */; };
		522FB22226E342C70031F67A /* FloatingButton.swift in Sources */ = {isa = PBXBuildFile; fileRef = 522FB22126E342C70031F67A /* FloatingButton.swift */; };
		522FB22526E347370031F67A /* MenuFilterCell.swift in Sources */ = {isa = PBXBuildFile; fileRef = 522FB22326E347370031F67A /* MenuFilterCell.swift */; };
		522FB22626E347370031F67A /* MenuFilterCell.xib in Resources */ = {isa = PBXBuildFile; fileRef = 522FB22426E347370031F67A /* MenuFilterCell.xib */; };
		5268CB6826E28D9900ED4DCE /* AppDelegate.swift in Sources */ = {isa = PBXBuildFile; fileRef = 5268CB6726E28D9900ED4DCE /* AppDelegate.swift */; };
		5268CB6A26E28D9900ED4DCE /* SceneDelegate.swift in Sources */ = {isa = PBXBuildFile; fileRef = 5268CB6926E28D9900ED4DCE /* SceneDelegate.swift */; };
		5268CB6C26E28D9900ED4DCE /* ViewController.swift in Sources */ = {isa = PBXBuildFile; fileRef = 5268CB6B26E28D9900ED4DCE /* ViewController.swift */; };
		5268CB6F26E28D9900ED4DCE /* Main.storyboard in Resources */ = {isa = PBXBuildFile; fileRef = 5268CB6D26E28D9900ED4DCE /* Main.storyboard */; };
		5268CB7126E28D9A00ED4DCE /* Assets.xcassets in Resources */ = {isa = PBXBuildFile; fileRef = 5268CB7026E28D9A00ED4DCE /* Assets.xcassets */; };
		5268CB7426E28D9A00ED4DCE /* LaunchScreen.storyboard in Resources */ = {isa = PBXBuildFile; fileRef = 5268CB7226E28D9A00ED4DCE /* LaunchScreen.storyboard */; };
		526D980A26E6083F0013F951 /* sushi.json in Resources */ = {isa = PBXBuildFile; fileRef = 526D980926E6083F0013F951 /* sushi.json */; };
		526D980C26E60D3C0013F951 /* FilterView.swift in Sources */ = {isa = PBXBuildFile; fileRef = 526D980B26E60D3C0013F951 /* FilterView.swift */; };
		526D980E26E60D4D0013F951 /* FilterView.xib in Resources */ = {isa = PBXBuildFile; fileRef = 526D980D26E60D4D0013F951 /* FilterView.xib */; };
		527CBC3D26E3D9D80092D026 /* Network.swift in Sources */ = {isa = PBXBuildFile; fileRef = 527CBC3C26E3D9D80092D026 /* Network.swift */; };
		527CBC4126E3DF900092D026 /* Menu.swift in Sources */ = {isa = PBXBuildFile; fileRef = 527CBC4026E3DF900092D026 /* Menu.swift */; };
		527CBC4426E3E2830092D026 /* pizza.json in Resources */ = {isa = PBXBuildFile; fileRef = 527CBC4326E3E2830092D026 /* pizza.json */; };
		527CBC4626E3E6B40092D026 /* Order.swift in Sources */ = {isa = PBXBuildFile; fileRef = 527CBC4526E3E6B40092D026 /* Order.swift */; };
		527CBC4826E3E9640092D026 /* ApiManager.swift in Sources */ = {isa = PBXBuildFile; fileRef = 527CBC4726E3E9640092D026 /* ApiManager.swift */; };
		527CBC4A26E3EE660092D026 /* MenuApiService.swift in Sources */ = {isa = PBXBuildFile; fileRef = 527CBC4926E3EE660092D026 /* MenuApiService.swift */; };
		527CBC4C26E3F28B0092D026 /* ListTranfrom.swift in Sources */ = {isa = PBXBuildFile; fileRef = 527CBC4B26E3F28B0092D026 /* ListTranfrom.swift */; };
		52E0795A26E712A200B635BE /* HomePresenter.swift in Sources */ = {isa = PBXBuildFile; fileRef = 52E0795926E712A200B635BE /* HomePresenter.swift */; };
		52E0795C26E7136500B635BE /* HomeInteractor.swift in Sources */ = {isa = PBXBuildFile; fileRef = 52E0795B26E7136500B635BE /* HomeInteractor.swift */; };
		52E0795E26E7162D00B635BE /* CartRouter.swift in Sources */ = {isa = PBXBuildFile; fileRef = 52E0795D26E7162D00B635BE /* CartRouter.swift */; };
		52E0796026E7163700B635BE /* CartPresenter.swift in Sources */ = {isa = PBXBuildFile; fileRef = 52E0795F26E7163700B635BE /* CartPresenter.swift */; };
		52E0796226E7164000B635BE /* CartInteractor.swift in Sources */ = {isa = PBXBuildFile; fileRef = 52E0796126E7164000B635BE /* CartInteractor.swift */; };
		52E0796426E716B700B635BE /* BaseRouter.swift in Sources */ = {isa = PBXBuildFile; fileRef = 52E0796326E716B700B635BE /* BaseRouter.swift */; };
		52EA36AD26E29A5000D30432 /* NSObject.swift in Sources */ = {isa = PBXBuildFile; fileRef = 52EA36AC26E29A5000D30432 /* NSObject.swift */; };
		52EA36BD26E29B2500D30432 /* OpenSans-Italic.ttf in Resources */ = {isa = PBXBuildFile; fileRef = 52EA36B026E29B2500D30432 /* OpenSans-Italic.ttf */; };
		52EA36BE26E29B2500D30432 /* OpenSans-CondBold.ttf in Resources */ = {isa = PBXBuildFile; fileRef = 52EA36B126E29B2500D30432 /* OpenSans-CondBold.ttf */; };
		52EA36BF26E29B2500D30432 /* OpenSans-CondLightItalic.ttf in Resources */ = {isa = PBXBuildFile; fileRef = 52EA36B226E29B2500D30432 /* OpenSans-CondLightItalic.ttf */; };
		52EA36C026E29B2500D30432 /* OpenSans-BoldItalic.ttf in Resources */ = {isa = PBXBuildFile; fileRef = 52EA36B326E29B2500D30432 /* OpenSans-BoldItalic.ttf */; };
		52EA36C126E29B2500D30432 /* OpenSans-ExtraBoldItalic.ttf in Resources */ = {isa = PBXBuildFile; fileRef = 52EA36B426E29B2500D30432 /* OpenSans-ExtraBoldItalic.ttf */; };
		52EA36C226E29B2500D30432 /* OpenSans-Bold.ttf in Resources */ = {isa = PBXBuildFile; fileRef = 52EA36B526E29B2500D30432 /* OpenSans-Bold.ttf */; };
		52EA36C326E29B2500D30432 /* OpenSans-Semibold.ttf in Resources */ = {isa = PBXBuildFile; fileRef = 52EA36B626E29B2500D30432 /* OpenSans-Semibold.ttf */; };
		52EA36C426E29B2500D30432 /* OpenSans-Light.ttf in Resources */ = {isa = PBXBuildFile; fileRef = 52EA36B726E29B2500D30432 /* OpenSans-Light.ttf */; };
		52EA36C526E29B2500D30432 /* OpenSans-CondLight.ttf in Resources */ = {isa = PBXBuildFile; fileRef = 52EA36B826E29B2500D30432 /* OpenSans-CondLight.ttf */; };
		52EA36C626E29B2500D30432 /* OpenSans-Regular.ttf in Resources */ = {isa = PBXBuildFile; fileRef = 52EA36B926E29B2500D30432 /* OpenSans-Regular.ttf */; };
		52EA36C726E29B2500D30432 /* OpenSans-SemiboldItalic.ttf in Resources */ = {isa = PBXBuildFile; fileRef = 52EA36BA26E29B2500D30432 /* OpenSans-SemiboldItalic.ttf */; };
		52EA36C826E29B2500D30432 /* OpenSans-LightItalic.ttf in Resources */ = {isa = PBXBuildFile; fileRef = 52EA36BB26E29B2500D30432 /* OpenSans-LightItalic.ttf */; };
		52EA36C926E29B2500D30432 /* OpenSans-ExtraBold.ttf in Resources */ = {isa = PBXBuildFile; fileRef = 52EA36BC26E29B2500D30432 /* OpenSans-ExtraBold.ttf */; };
		52EA36CB26E29E9D00D30432 /* CALayer.swift in Sources */ = {isa = PBXBuildFile; fileRef = 52EA36CA26E29E9D00D30432 /* CALayer.swift */; };
		52EA36CD26E29F2800D30432 /* Optional.swift in Sources */ = {isa = PBXBuildFile; fileRef = 52EA36CC26E29F2800D30432 /* Optional.swift */; };
		52EA36CF26E29F4E00D30432 /* UIView.swift in Sources */ = {isa = PBXBuildFile; fileRef = 52EA36CE26E29F4E00D30432 /* UIView.swift */; };
		52EA36D326E2A33A00D30432 /* MenuVC.swift in Sources */ = {isa = PBXBuildFile; fileRef = 52EA36D226E2A33A00D30432 /* MenuVC.swift */; };
		52EA36D626E2A42D00D30432 /* MenuFloatingPanelController.swift in Sources */ = {isa = PBXBuildFile; fileRef = 52EA36D526E2A42D00D30432 /* MenuFloatingPanelController.swift */; };
		52EA36D826E2A56900D30432 /* AppStoryboard.swift in Sources */ = {isa = PBXBuildFile; fileRef = 52EA36D726E2A56900D30432 /* AppStoryboard.swift */; };
		52EA36DE26E2ACAD00D30432 /* Font.swift in Sources */ = {isa = PBXBuildFile; fileRef = 52EA36DD26E2ACAD00D30432 /* Font.swift */; };
		52EA36E026E2B56900D30432 /* Color.swift in Sources */ = {isa = PBXBuildFile; fileRef = 52EA36DF26E2B56900D30432 /* Color.swift */; };
		52EA36E226E2B8BB00D30432 /* UIViewController.swift in Sources */ = {isa = PBXBuildFile; fileRef = 52EA36E126E2B8BB00D30432 /* UIViewController.swift */; };
		52F8485726E295930021DC8B /* HomeVC.swift in Sources */ = {isa = PBXBuildFile; fileRef = 52F8485626E295930021DC8B /* HomeVC.swift */; };
		52F8485F26E298E40021DC8B /* MenuCell.swift in Sources */ = {isa = PBXBuildFile; fileRef = 52F8485D26E298E40021DC8B /* MenuCell.swift */; };
		52F8486026E298E40021DC8B /* MenuCell.xib in Resources */ = {isa = PBXBuildFile; fileRef = 52F8485E26E298E40021DC8B /* MenuCell.xib */; };
		52F8486326E2998A0021DC8B /* UITableView.swift in Sources */ = {isa = PBXBuildFile; fileRef = 52F8486226E2998A0021DC8B /* UITableView.swift */; };
		5FEBA90C1A0801D9D36AD6D1 /* Pods_FoodDeliveryApp.framework in Frameworks */ = {isa = PBXBuildFile; fileRef = 7BC8A734B376721245C1170E /* Pods_FoodDeliveryApp.framework */; };
/* End PBXBuildFile section */

/* Begin PBXFileReference section */
		52150AEC26E503DB00878532 /* BaseResponse.swift */ = {isa = PBXFileReference; lastKnownFileType = sourcecode.swift; path = BaseResponse.swift; sourceTree = "<group>"; };
		52150AEE26E50EB000878532 /* MenuPresenter.swift */ = {isa = PBXFileReference; lastKnownFileType = sourcecode.swift; path = MenuPresenter.swift; sourceTree = "<group>"; };
		52150AF026E50EB700878532 /* MenuRouter.swift */ = {isa = PBXFileReference; lastKnownFileType = sourcecode.swift; path = MenuRouter.swift; sourceTree = "<group>"; };
		52150AF226E50EC300878532 /* MenuInteractor.swift */ = {isa = PBXFileReference; lastKnownFileType = sourcecode.swift; path = MenuInteractor.swift; sourceTree = "<group>"; };
		52150AF426E5179300878532 /* ErrorTracker.swift */ = {isa = PBXFileReference; lastKnownFileType = sourcecode.swift; path = ErrorTracker.swift; sourceTree = "<group>"; };
		52150AF626E517AA00878532 /* ActivityTracker.swift */ = {isa = PBXFileReference; lastKnownFileType = sourcecode.swift; path = ActivityTracker.swift; sourceTree = "<group>"; };
		52150AF826E517DE00878532 /* Reactive.swift */ = {isa = PBXFileReference; lastKnownFileType = sourcecode.swift; path = Reactive.swift; sourceTree = "<group>"; };
		52150AFA26E52D9100878532 /* Double.swift */ = {isa = PBXFileReference; lastKnownFileType = sourcecode.swift; path = Double.swift; sourceTree = "<group>"; };
		5216070326E3B27500025196 /* CartCell.swift */ = {isa = PBXFileReference; lastKnownFileType = sourcecode.swift; path = CartCell.swift; sourceTree = "<group>"; };
		5216070426E3B27500025196 /* CartCell.xib */ = {isa = PBXFileReference; lastKnownFileType = file.xib; path = CartCell.xib; sourceTree = "<group>"; };
		5216070C26E3B52700025196 /* OrderVC.swift */ = {isa = PBXFileReference; lastKnownFileType = sourcecode.swift; path = OrderVC.swift; sourceTree = "<group>"; };
		5216070E26E3B53200025196 /* InformationVC.swift */ = {isa = PBXFileReference; lastKnownFileType = sourcecode.swift; path = InformationVC.swift; sourceTree = "<group>"; };
		5216071026E3B54100025196 /* CartVC.swift */ = {isa = PBXFileReference; lastKnownFileType = sourcecode.swift; path = CartVC.swift; sourceTree = "<group>"; };
		5216071226E3B57E00025196 /* HomeRouter.swift */ = {isa = PBXFileReference; lastKnownFileType = sourcecode.swift; path = HomeRouter.swift; sourceTree = "<group>"; };
		5216071426E3B5CE00025196 /* Cart.storyboard */ = {isa = PBXFileReference; lastKnownFileType = file.storyboard; path = Cart.storyboard; sourceTree = "<group>"; };
		5216071626E3B76600025196 /* Menu.storyboard */ = {isa = PBXFileReference; lastKnownFileType = file.storyboard; path = Menu.storyboard; sourceTree = "<group>"; };
		5216071826E3B79200025196 /* Order.storyboard */ = {isa = PBXFileReference; lastKnownFileType = file.storyboard; path = Order.storyboard; sourceTree = "<group>"; };
		5216071B26E3B9E500025196 /* CartContainerVC.swift */ = {isa = PBXFileReference; lastKnownFileType = sourcecode.swift; path = CartContainerVC.swift; sourceTree = "<group>"; };
		5216071D26E3C1F700025196 /* CartFooterCell.swift */ = {isa = PBXFileReference; lastKnownFileType = sourcecode.swift; path = CartFooterCell.swift; sourceTree = "<group>"; };
		5216071E26E3C1F700025196 /* CartFooterCell.xib */ = {isa = PBXFileReference; lastKnownFileType = file.xib; path = CartFooterCell.xib; sourceTree = "<group>"; };
		5216072126E3C66A00025196 /* BaseVC.swift */ = {isa = PBXFileReference; lastKnownFileType = sourcecode.swift; path = BaseVC.swift; sourceTree = "<group>"; };
		522E3FB726E5EC1D006FBC55 /* drink.json */ = {isa = PBXFileReference; fileEncoding = 4; lastKnownFileType = text.json; path = drink.json; sourceTree = "<group>"; };
		522FB21B26E32BB00031F67A /* Constants.swift */ = {isa = PBXFileReference; lastKnownFileType = sourcecode.swift; path = Constants.swift; sourceTree = "<group>"; };
		522FB21D26E341140031F67A /* SwipePageVC.swift */ = {isa = PBXFileReference; lastKnownFileType = sourcecode.swift; path = SwipePageVC.swift; sourceTree = "<group>"; };
		522FB22126E342C70031F67A /* FloatingButton.swift */ = {isa = PBXFileReference; lastKnownFileType = sourcecode.swift; path = FloatingButton.swift; sourceTree = "<group>"; };
		522FB22326E347370031F67A /* MenuFilterCell.swift */ = {isa = PBXFileReference; lastKnownFileType = sourcecode.swift; path = MenuFilterCell.swift; sourceTree = "<group>"; };
		522FB22426E347370031F67A /* MenuFilterCell.xib */ = {isa = PBXFileReference; lastKnownFileType = file.xib; path = MenuFilterCell.xib; sourceTree = "<group>"; };
		5268CB6426E28D9900ED4DCE /* FoodDeliveryApp.app */ = {isa = PBXFileReference; explicitFileType = wrapper.application; includeInIndex = 0; path = FoodDeliveryApp.app; sourceTree = BUILT_PRODUCTS_DIR; };
		5268CB6726E28D9900ED4DCE /* AppDelegate.swift */ = {isa = PBXFileReference; lastKnownFileType = sourcecode.swift; path = AppDelegate.swift; sourceTree = "<group>"; };
		5268CB6926E28D9900ED4DCE /* SceneDelegate.swift */ = {isa = PBXFileReference; lastKnownFileType = sourcecode.swift; path = SceneDelegate.swift; sourceTree = "<group>"; };
		5268CB6B26E28D9900ED4DCE /* ViewController.swift */ = {isa = PBXFileReference; lastKnownFileType = sourcecode.swift; path = ViewController.swift; sourceTree = "<group>"; };
		5268CB6E26E28D9900ED4DCE /* Base */ = {isa = PBXFileReference; lastKnownFileType = file.storyboard; name = Base; path = Base.lproj/Main.storyboard; sourceTree = "<group>"; };
		5268CB7026E28D9A00ED4DCE /* Assets.xcassets */ = {isa = PBXFileReference; lastKnownFileType = folder.assetcatalog; path = Assets.xcassets; sourceTree = "<group>"; };
		5268CB7326E28D9A00ED4DCE /* Base */ = {isa = PBXFileReference; lastKnownFileType = file.storyboard; name = Base; path = Base.lproj/LaunchScreen.storyboard; sourceTree = "<group>"; };
		5268CB7526E28D9A00ED4DCE /* Info.plist */ = {isa = PBXFileReference; lastKnownFileType = text.plist.xml; path = Info.plist; sourceTree = "<group>"; };
		526D980926E6083F0013F951 /* sushi.json */ = {isa = PBXFileReference; fileEncoding = 4; lastKnownFileType = text.json; path = sushi.json; sourceTree = "<group>"; };
		526D980B26E60D3C0013F951 /* FilterView.swift */ = {isa = PBXFileReference; lastKnownFileType = sourcecode.swift; path = FilterView.swift; sourceTree = "<group>"; };
		526D980D26E60D4D0013F951 /* FilterView.xib */ = {isa = PBXFileReference; lastKnownFileType = file.xib; path = FilterView.xib; sourceTree = "<group>"; };
		527CBC3C26E3D9D80092D026 /* Network.swift */ = {isa = PBXFileReference; lastKnownFileType = sourcecode.swift; path = Network.swift; sourceTree = "<group>"; };
		527CBC4026E3DF900092D026 /* Menu.swift */ = {isa = PBXFileReference; lastKnownFileType = sourcecode.swift; path = Menu.swift; sourceTree = "<group>"; };
		527CBC4326E3E2830092D026 /* pizza.json */ = {isa = PBXFileReference; fileEncoding = 4; lastKnownFileType = text.json; path = pizza.json; sourceTree = "<group>"; };
		527CBC4526E3E6B40092D026 /* Order.swift */ = {isa = PBXFileReference; lastKnownFileType = sourcecode.swift; path = Order.swift; sourceTree = "<group>"; };
		527CBC4726E3E9640092D026 /* ApiManager.swift */ = {isa = PBXFileReference; lastKnownFileType = sourcecode.swift; path = ApiManager.swift; sourceTree = "<group>"; };
		527CBC4926E3EE660092D026 /* MenuApiService.swift */ = {isa = PBXFileReference; lastKnownFileType = sourcecode.swift; path = MenuApiService.swift; sourceTree = "<group>"; };
		527CBC4B26E3F28B0092D026 /* ListTranfrom.swift */ = {isa = PBXFileReference; lastKnownFileType = sourcecode.swift; path = ListTranfrom.swift; sourceTree = "<group>"; };
		52E0795926E712A200B635BE /* HomePresenter.swift */ = {isa = PBXFileReference; lastKnownFileType = sourcecode.swift; path = HomePresenter.swift; sourceTree = "<group>"; };
		52E0795B26E7136500B635BE /* HomeInteractor.swift */ = {isa = PBXFileReference; lastKnownFileType = sourcecode.swift; path = HomeInteractor.swift; sourceTree = "<group>"; };
		52E0795D26E7162D00B635BE /* CartRouter.swift */ = {isa = PBXFileReference; lastKnownFileType = sourcecode.swift; path = CartRouter.swift; sourceTree = "<group>"; };
		52E0795F26E7163700B635BE /* CartPresenter.swift */ = {isa = PBXFileReference; lastKnownFileType = sourcecode.swift; path = CartPresenter.swift; sourceTree = "<group>"; };
		52E0796126E7164000B635BE /* CartInteractor.swift */ = {isa = PBXFileReference; lastKnownFileType = sourcecode.swift; path = CartInteractor.swift; sourceTree = "<group>"; };
		52E0796326E716B700B635BE /* BaseRouter.swift */ = {isa = PBXFileReference; lastKnownFileType = sourcecode.swift; path = BaseRouter.swift; sourceTree = "<group>"; };
		52EA36AC26E29A5000D30432 /* NSObject.swift */ = {isa = PBXFileReference; lastKnownFileType = sourcecode.swift; path = NSObject.swift; sourceTree = "<group>"; };
		52EA36B026E29B2500D30432 /* OpenSans-Italic.ttf */ = {isa = PBXFileReference; lastKnownFileType = file; path = "OpenSans-Italic.ttf"; sourceTree = "<group>"; };
		52EA36B126E29B2500D30432 /* OpenSans-CondBold.ttf */ = {isa = PBXFileReference; lastKnownFileType = file; path = "OpenSans-CondBold.ttf"; sourceTree = "<group>"; };
		52EA36B226E29B2500D30432 /* OpenSans-CondLightItalic.ttf */ = {isa = PBXFileReference; lastKnownFileType = file; path = "OpenSans-CondLightItalic.ttf"; sourceTree = "<group>"; };
		52EA36B326E29B2500D30432 /* OpenSans-BoldItalic.ttf */ = {isa = PBXFileReference; lastKnownFileType = file; path = "OpenSans-BoldItalic.ttf"; sourceTree = "<group>"; };
		52EA36B426E29B2500D30432 /* OpenSans-ExtraBoldItalic.ttf */ = {isa = PBXFileReference; lastKnownFileType = file; path = "OpenSans-ExtraBoldItalic.ttf"; sourceTree = "<group>"; };
		52EA36B526E29B2500D30432 /* OpenSans-Bold.ttf */ = {isa = PBXFileReference; lastKnownFileType = file; path = "OpenSans-Bold.ttf"; sourceTree = "<group>"; };
		52EA36B626E29B2500D30432 /* OpenSans-Semibold.ttf */ = {isa = PBXFileReference; lastKnownFileType = file; path = "OpenSans-Semibold.ttf"; sourceTree = "<group>"; };
		52EA36B726E29B2500D30432 /* OpenSans-Light.ttf */ = {isa = PBXFileReference; lastKnownFileType = file; path = "OpenSans-Light.ttf"; sourceTree = "<group>"; };
		52EA36B826E29B2500D30432 /* OpenSans-CondLight.ttf */ = {isa = PBXFileReference; lastKnownFileType = file; path = "OpenSans-CondLight.ttf"; sourceTree = "<group>"; };
		52EA36B926E29B2500D30432 /* OpenSans-Regular.ttf */ = {isa = PBXFileReference; lastKnownFileType = file; path = "OpenSans-Regular.ttf"; sourceTree = "<group>"; };
		52EA36BA26E29B2500D30432 /* OpenSans-SemiboldItalic.ttf */ = {isa = PBXFileReference; lastKnownFileType = file; path = "OpenSans-SemiboldItalic.ttf"; sourceTree = "<group>"; };
		52EA36BB26E29B2500D30432 /* OpenSans-LightItalic.ttf */ = {isa = PBXFileReference; lastKnownFileType = file; path = "OpenSans-LightItalic.ttf"; sourceTree = "<group>"; };
		52EA36BC26E29B2500D30432 /* OpenSans-ExtraBold.ttf */ = {isa = PBXFileReference; lastKnownFileType = file; path = "OpenSans-ExtraBold.ttf"; sourceTree = "<group>"; };
		52EA36CA26E29E9D00D30432 /* CALayer.swift */ = {isa = PBXFileReference; lastKnownFileType = sourcecode.swift; path = CALayer.swift; sourceTree = "<group>"; };
		52EA36CC26E29F2800D30432 /* Optional.swift */ = {isa = PBXFileReference; lastKnownFileType = sourcecode.swift; path = Optional.swift; sourceTree = "<group>"; };
		52EA36CE26E29F4E00D30432 /* UIView.swift */ = {isa = PBXFileReference; lastKnownFileType = sourcecode.swift; path = UIView.swift; sourceTree = "<group>"; };
		52EA36D226E2A33A00D30432 /* MenuVC.swift */ = {isa = PBXFileReference; lastKnownFileType = sourcecode.swift; path = MenuVC.swift; sourceTree = "<group>"; };
		52EA36D526E2A42D00D30432 /* MenuFloatingPanelController.swift */ = {isa = PBXFileReference; lastKnownFileType = sourcecode.swift; path = MenuFloatingPanelController.swift; sourceTree = "<group>"; };
		52EA36D726E2A56900D30432 /* AppStoryboard.swift */ = {isa = PBXFileReference; lastKnownFileType = sourcecode.swift; path = AppStoryboard.swift; sourceTree = "<group>"; };
		52EA36DD26E2ACAD00D30432 /* Font.swift */ = {isa = PBXFileReference; lastKnownFileType = sourcecode.swift; path = Font.swift; sourceTree = "<group>"; };
		52EA36DF26E2B56900D30432 /* Color.swift */ = {isa = PBXFileReference; lastKnownFileType = sourcecode.swift; path = Color.swift; sourceTree = "<group>"; };
		52EA36E126E2B8BB00D30432 /* UIViewController.swift */ = {isa = PBXFileReference; lastKnownFileType = sourcecode.swift; path = UIViewController.swift; sourceTree = "<group>"; };
		52F8485626E295930021DC8B /* HomeVC.swift */ = {isa = PBXFileReference; lastKnownFileType = sourcecode.swift; path = HomeVC.swift; sourceTree = "<group>"; };
		52F8485D26E298E40021DC8B /* MenuCell.swift */ = {isa = PBXFileReference; lastKnownFileType = sourcecode.swift; path = MenuCell.swift; sourceTree = "<group>"; };
		52F8485E26E298E40021DC8B /* MenuCell.xib */ = {isa = PBXFileReference; lastKnownFileType = file.xib; path = MenuCell.xib; sourceTree = "<group>"; };
		52F8486226E2998A0021DC8B /* UITableView.swift */ = {isa = PBXFileReference; lastKnownFileType = sourcecode.swift; path = UITableView.swift; sourceTree = "<group>"; };
		74CA209587E0D81F04762523 /* Pods-FoodDeliveryApp.debug.xcconfig */ = {isa = PBXFileReference; includeInIndex = 1; lastKnownFileType = text.xcconfig; name = "Pods-FoodDeliveryApp.debug.xcconfig"; path = "Target Support Files/Pods-FoodDeliveryApp/Pods-FoodDeliveryApp.debug.xcconfig"; sourceTree = "<group>"; };
		7BC8A734B376721245C1170E /* Pods_FoodDeliveryApp.framework */ = {isa = PBXFileReference; explicitFileType = wrapper.framework; includeInIndex = 0; path = Pods_FoodDeliveryApp.framework; sourceTree = BUILT_PRODUCTS_DIR; };
		DEDAAA89AFBA329E9915F15D /* Pods-FoodDeliveryApp.release.xcconfig */ = {isa = PBXFileReference; includeInIndex = 1; lastKnownFileType = text.xcconfig; name = "Pods-FoodDeliveryApp.release.xcconfig"; path = "Target Support Files/Pods-FoodDeliveryApp/Pods-FoodDeliveryApp.release.xcconfig"; sourceTree = "<group>"; };
/* End PBXFileReference section */

/* Begin PBXFrameworksBuildPhase section */
		5268CB6126E28D9900ED4DCE /* Frameworks */ = {
			isa = PBXFrameworksBuildPhase;
			buildActionMask = 2147483647;
			files = (
				5FEBA90C1A0801D9D36AD6D1 /* Pods_FoodDeliveryApp.framework in Frameworks */,
			);
			runOnlyForDeploymentPostprocessing = 0;
		};
/* End PBXFrameworksBuildPhase section */

/* Begin PBXGroup section */
		5216070126E3B25600025196 /* Menu */ = {
			isa = PBXGroup;
			children = (
				52F8485D26E298E40021DC8B /* MenuCell.swift */,
				52F8485E26E298E40021DC8B /* MenuCell.xib */,
				522FB22326E347370031F67A /* MenuFilterCell.swift */,
				522FB22426E347370031F67A /* MenuFilterCell.xib */,
			);
			path = Menu;
			sourceTree = "<group>";
		};
		5216070226E3B25D00025196 /* Cart */ = {
			isa = PBXGroup;
			children = (
				5216070326E3B27500025196 /* CartCell.swift */,
				5216070426E3B27500025196 /* CartCell.xib */,
				5216071D26E3C1F700025196 /* CartFooterCell.swift */,
				5216071E26E3C1F700025196 /* CartFooterCell.xib */,
			);
			path = Cart;
			sourceTree = "<group>";
		};
		5216070726E3B4F400025196 /* Cart */ = {
			isa = PBXGroup;
			children = (
				5216071026E3B54100025196 /* CartVC.swift */,
				5216071B26E3B9E500025196 /* CartContainerVC.swift */,
				52E0795D26E7162D00B635BE /* CartRouter.swift */,
				52E0795F26E7163700B635BE /* CartPresenter.swift */,
				52E0796126E7164000B635BE /* CartInteractor.swift */,
			);
			path = Cart;
			sourceTree = "<group>";
		};
		5216070826E3B4F900025196 /* Order */ = {
			isa = PBXGroup;
			children = (
				5216070C26E3B52700025196 /* OrderVC.swift */,
			);
			path = Order;
			sourceTree = "<group>";
		};
		5216070926E3B4FF00025196 /* Information */ = {
			isa = PBXGroup;
			children = (
				5216070E26E3B53200025196 /* InformationVC.swift */,
			);
			path = Information;
			sourceTree = "<group>";
		};
		5216071A26E3B9BC00025196 /* Base */ = {
			isa = PBXGroup;
			children = (
				5216072126E3C66A00025196 /* BaseVC.swift */,
				52E0796326E716B700B635BE /* BaseRouter.swift */,
			);
			path = Base;
			sourceTree = "<group>";
		};
		522FB21F26E342AA0031F67A /* Custom */ = {
			isa = PBXGroup;
			children = (
				522FB22126E342C70031F67A /* FloatingButton.swift */,
				526D980B26E60D3C0013F951 /* FilterView.swift */,
				526D980D26E60D4D0013F951 /* FilterView.xib */,
			);
			path = Custom;
			sourceTree = "<group>";
		};
		522FB22026E342AE0031F67A /* Cells */ = {
			isa = PBXGroup;
			children = (
				5216070226E3B25D00025196 /* Cart */,
				5216070126E3B25600025196 /* Menu */,
			);
			path = Cells;
			sourceTree = "<group>";
		};
		5268CB5B26E28D9900ED4DCE = {
			isa = PBXGroup;
			children = (
				5268CB6626E28D9900ED4DCE /* FoodDeliveryApp */,
				5268CB6526E28D9900ED4DCE /* Products */,
				9A89746FCC87A88C0FFB9198 /* Pods */,
				9CAE1AFE165EDD707FC55ADF /* Frameworks */,
			);
			sourceTree = "<group>";
		};
		5268CB6526E28D9900ED4DCE /* Products */ = {
			isa = PBXGroup;
			children = (
				5268CB6426E28D9900ED4DCE /* FoodDeliveryApp.app */,
			);
			name = Products;
			sourceTree = "<group>";
		};
		5268CB6626E28D9900ED4DCE /* FoodDeliveryApp */ = {
			isa = PBXGroup;
			children = (
				527CBC3E26E3DF720092D026 /* Entities */,
				527CBC3B26E3D9C90092D026 /* Network */,
				52EA36D426E2A41400D30432 /* Utilities */,
				52EA36D026E2A32400D30432 /* Scenes */,
				52EA36AE26E29B0C00D30432 /* Resources */,
				52F8486126E2997D0021DC8B /* Extensions */,
				52F8485A26E298940021DC8B /* Views */,
				52F8485926E2960C0021DC8B /* Supported Files */,
				52F8485826E296060021DC8B /* Storyboards */,
				5268CB6B26E28D9900ED4DCE /* ViewController.swift */,
				5268CB7526E28D9A00ED4DCE /* Info.plist */,
			);
			path = FoodDeliveryApp;
			sourceTree = "<group>";
		};
		527CBC3B26E3D9C90092D026 /* Network */ = {
			isa = PBXGroup;
			children = (
				527CBC3C26E3D9D80092D026 /* Network.swift */,
				527CBC4726E3E9640092D026 /* ApiManager.swift */,
				527CBC4926E3EE660092D026 /* MenuApiService.swift */,
				52150AF426E5179300878532 /* ErrorTracker.swift */,
				52150AF626E517AA00878532 /* ActivityTracker.swift */,
			);
			path = Network;
			sourceTree = "<group>";
		};
		527CBC3E26E3DF720092D026 /* Entities */ = {
			isa = PBXGroup;
			children = (
				527CBC3F26E3DF7A0092D026 /* Menu */,
				52150AEC26E503DB00878532 /* BaseResponse.swift */,
			);
			path = Entities;
			sourceTree = "<group>";
		};
		527CBC3F26E3DF7A0092D026 /* Menu */ = {
			isa = PBXGroup;
			children = (
				527CBC4026E3DF900092D026 /* Menu.swift */,
				527CBC4526E3E6B40092D026 /* Order.swift */,
			);
			path = Menu;
			sourceTree = "<group>";
		};
		527CBC4226E3E25B0092D026 /* DummyResponses */ = {
			isa = PBXGroup;
			children = (
				527CBC4326E3E2830092D026 /* pizza.json */,
				526D980926E6083F0013F951 /* sushi.json */,
				522E3FB726E5EC1D006FBC55 /* drink.json */,
			);
			path = DummyResponses;
			sourceTree = "<group>";
		};
		52EA36AE26E29B0C00D30432 /* Resources */ = {
			isa = PBXGroup;
			children = (
				527CBC4226E3E25B0092D026 /* DummyResponses */,
				52EA36AF26E29B1200D30432 /* Fonts */,
			);
			path = Resources;
			sourceTree = "<group>";
		};
		52EA36AF26E29B1200D30432 /* Fonts */ = {
			isa = PBXGroup;
			children = (
				52EA36B526E29B2500D30432 /* OpenSans-Bold.ttf */,
				52EA36B326E29B2500D30432 /* OpenSans-BoldItalic.ttf */,
				52EA36B126E29B2500D30432 /* OpenSans-CondBold.ttf */,
				52EA36B826E29B2500D30432 /* OpenSans-CondLight.ttf */,
				52EA36B226E29B2500D30432 /* OpenSans-CondLightItalic.ttf */,
				52EA36BC26E29B2500D30432 /* OpenSans-ExtraBold.ttf */,
				52EA36B426E29B2500D30432 /* OpenSans-ExtraBoldItalic.ttf */,
				52EA36B026E29B2500D30432 /* OpenSans-Italic.ttf */,
				52EA36B726E29B2500D30432 /* OpenSans-Light.ttf */,
				52EA36BB26E29B2500D30432 /* OpenSans-LightItalic.ttf */,
				52EA36B926E29B2500D30432 /* OpenSans-Regular.ttf */,
				52EA36B626E29B2500D30432 /* OpenSans-Semibold.ttf */,
				52EA36BA26E29B2500D30432 /* OpenSans-SemiboldItalic.ttf */,
			);
			path = Fonts;
			sourceTree = "<group>";
		};
		52EA36D026E2A32400D30432 /* Scenes */ = {
			isa = PBXGroup;
			children = (
				5216071A26E3B9BC00025196 /* Base */,
				52F8485426E295430021DC8B /* Home */,
				5216070926E3B4FF00025196 /* Information */,
				5216070826E3B4F900025196 /* Order */,
				5216070726E3B4F400025196 /* Cart */,
				52EA36D126E2A32900D30432 /* Menu */,
				522FB21D26E341140031F67A /* SwipePageVC.swift */,
			);
			path = Scenes;
			sourceTree = "<group>";
		};
		52EA36D126E2A32900D30432 /* Menu */ = {
			isa = PBXGroup;
			children = (
				52EA36D226E2A33A00D30432 /* MenuVC.swift */,
				52150AEE26E50EB000878532 /* MenuPresenter.swift */,
				52150AF026E50EB700878532 /* MenuRouter.swift */,
				52150AF226E50EC300878532 /* MenuInteractor.swift */,
			);
			path = Menu;
			sourceTree = "<group>";
		};
		52EA36D426E2A41400D30432 /* Utilities */ = {
			isa = PBXGroup;
			children = (
				52EA36D526E2A42D00D30432 /* MenuFloatingPanelController.swift */,
				52EA36D726E2A56900D30432 /* AppStoryboard.swift */,
				52EA36DD26E2ACAD00D30432 /* Font.swift */,
				52EA36DF26E2B56900D30432 /* Color.swift */,
				522FB21B26E32BB00031F67A /* Constants.swift */,
				527CBC4B26E3F28B0092D026 /* ListTranfrom.swift */,
			);
			path = Utilities;
			sourceTree = "<group>";
		};
		52F8485426E295430021DC8B /* Home */ = {
			isa = PBXGroup;
			children = (
				52F8485626E295930021DC8B /* HomeVC.swift */,
				5216071226E3B57E00025196 /* HomeRouter.swift */,
				52E0795926E712A200B635BE /* HomePresenter.swift */,
				52E0795B26E7136500B635BE /* HomeInteractor.swift */,
			);
			path = Home;
			sourceTree = "<group>";
		};
		52F8485826E296060021DC8B /* Storyboards */ = {
			isa = PBXGroup;
			children = (
				5268CB7226E28D9A00ED4DCE /* LaunchScreen.storyboard */,
				5268CB6D26E28D9900ED4DCE /* Main.storyboard */,
				5216071426E3B5CE00025196 /* Cart.storyboard */,
				5216071626E3B76600025196 /* Menu.storyboard */,
				5216071826E3B79200025196 /* Order.storyboard */,
			);
			path = Storyboards;
			sourceTree = "<group>";
		};
		52F8485926E2960C0021DC8B /* Supported Files */ = {
			isa = PBXGroup;
			children = (
				5268CB6726E28D9900ED4DCE /* AppDelegate.swift */,
				5268CB6926E28D9900ED4DCE /* SceneDelegate.swift */,
				5268CB7026E28D9A00ED4DCE /* Assets.xcassets */,
			);
			path = "Supported Files";
			sourceTree = "<group>";
		};
		52F8485A26E298940021DC8B /* Views */ = {
			isa = PBXGroup;
			children = (
				522FB22026E342AE0031F67A /* Cells */,
				522FB21F26E342AA0031F67A /* Custom */,
			);
			path = Views;
			sourceTree = "<group>";
		};
		52F8486126E2997D0021DC8B /* Extensions */ = {
			isa = PBXGroup;
			children = (
				52F8486226E2998A0021DC8B /* UITableView.swift */,
				52EA36AC26E29A5000D30432 /* NSObject.swift */,
				52EA36CA26E29E9D00D30432 /* CALayer.swift */,
				52EA36CC26E29F2800D30432 /* Optional.swift */,
				52EA36CE26E29F4E00D30432 /* UIView.swift */,
				52EA36E126E2B8BB00D30432 /* UIViewController.swift */,
				52150AF826E517DE00878532 /* Reactive.swift */,
				52150AFA26E52D9100878532 /* Double.swift */,
			);
			path = Extensions;
			sourceTree = "<group>";
		};
		9A89746FCC87A88C0FFB9198 /* Pods */ = {
			isa = PBXGroup;
			children = (
				74CA209587E0D81F04762523 /* Pods-FoodDeliveryApp.debug.xcconfig */,
				DEDAAA89AFBA329E9915F15D /* Pods-FoodDeliveryApp.release.xcconfig */,
			);
			path = Pods;
			sourceTree = "<group>";
		};
		9CAE1AFE165EDD707FC55ADF /* Frameworks */ = {
			isa = PBXGroup;
			children = (
				7BC8A734B376721245C1170E /* Pods_FoodDeliveryApp.framework */,
			);
			name = Frameworks;
			sourceTree = "<group>";
		};
/* End PBXGroup section */

/* Begin PBXNativeTarget section */
		5268CB6326E28D9900ED4DCE /* FoodDeliveryApp */ = {
			isa = PBXNativeTarget;
			buildConfigurationList = 5268CB7826E28D9A00ED4DCE /* Build configuration list for PBXNativeTarget "FoodDeliveryApp" */;
			buildPhases = (
				69FE4D3079ECCDFD3D3BFB6E /* [CP] Check Pods Manifest.lock */,
				5268CB6026E28D9900ED4DCE /* Sources */,
				5268CB6126E28D9900ED4DCE /* Frameworks */,
				5268CB6226E28D9900ED4DCE /* Resources */,
				00171572053E7C4FDB4D0184 /* [CP] Embed Pods Frameworks */,
			);
			buildRules = (
			);
			dependencies = (
			);
			name = FoodDeliveryApp;
			productName = FoodDeliveryApp;
			productReference = 5268CB6426E28D9900ED4DCE /* FoodDeliveryApp.app */;
			productType = "com.apple.product-type.application";
		};
/* End PBXNativeTarget section */

/* Begin PBXProject section */
		5268CB5C26E28D9900ED4DCE /* Project object */ = {
			isa = PBXProject;
			attributes = {
				LastSwiftUpdateCheck = 1250;
				LastUpgradeCheck = 1250;
				TargetAttributes = {
					5268CB6326E28D9900ED4DCE = {
						CreatedOnToolsVersion = 12.5.1;
					};
				};
			};
			buildConfigurationList = 5268CB5F26E28D9900ED4DCE /* Build configuration list for PBXProject "FoodDeliveryApp" */;
			compatibilityVersion = "Xcode 9.3";
			developmentRegion = en;
			hasScannedForEncodings = 0;
			knownRegions = (
				en,
				Base,
			);
			mainGroup = 5268CB5B26E28D9900ED4DCE;
			productRefGroup = 5268CB6526E28D9900ED4DCE /* Products */;
			projectDirPath = "";
			projectRoot = "";
			targets = (
				5268CB6326E28D9900ED4DCE /* FoodDeliveryApp */,
			);
		};
/* End PBXProject section */

/* Begin PBXResourcesBuildPhase section */
		5268CB6226E28D9900ED4DCE /* Resources */ = {
			isa = PBXResourcesBuildPhase;
			buildActionMask = 2147483647;
			files = (
				5216071726E3B76600025196 /* Menu.storyboard in Resources */,
				522E3FB826E5EC1D006FBC55 /* drink.json in Resources */,
				5268CB7426E28D9A00ED4DCE /* LaunchScreen.storyboard in Resources */,
				52EA36C726E29B2500D30432 /* OpenSans-SemiboldItalic.ttf in Resources */,
				52EA36C326E29B2500D30432 /* OpenSans-Semibold.ttf in Resources */,
				526D980E26E60D4D0013F951 /* FilterView.xib in Resources */,
				52EA36C526E29B2500D30432 /* OpenSans-CondLight.ttf in Resources */,
				5216071926E3B79200025196 /* Order.storyboard in Resources */,
				52EA36C126E29B2500D30432 /* OpenSans-ExtraBoldItalic.ttf in Resources */,
				5268CB7126E28D9A00ED4DCE /* Assets.xcassets in Resources */,
				527CBC4426E3E2830092D026 /* pizza.json in Resources */,
				52EA36C826E29B2500D30432 /* OpenSans-LightItalic.ttf in Resources */,
				52F8486026E298E40021DC8B /* MenuCell.xib in Resources */,
				5216071526E3B5CE00025196 /* Cart.storyboard in Resources */,
				52EA36BD26E29B2500D30432 /* OpenSans-Italic.ttf in Resources */,
				526D980A26E6083F0013F951 /* sushi.json in Resources */,
				5216070626E3B27500025196 /* CartCell.xib in Resources */,
				52EA36C426E29B2500D30432 /* OpenSans-Light.ttf in Resources */,
				52EA36BE26E29B2500D30432 /* OpenSans-CondBold.ttf in Resources */,
				5268CB6F26E28D9900ED4DCE /* Main.storyboard in Resources */,
				52EA36C626E29B2500D30432 /* OpenSans-Regular.ttf in Resources */,
				52EA36C026E29B2500D30432 /* OpenSans-BoldItalic.ttf in Resources */,
				522FB22626E347370031F67A /* MenuFilterCell.xib in Resources */,
				52EA36C226E29B2500D30432 /* OpenSans-Bold.ttf in Resources */,
				52EA36C926E29B2500D30432 /* OpenSans-ExtraBold.ttf in Resources */,
				52EA36BF26E29B2500D30432 /* OpenSans-CondLightItalic.ttf in Resources */,
				5216072026E3C1F700025196 /* CartFooterCell.xib in Resources */,
			);
			runOnlyForDeploymentPostprocessing = 0;
		};
/* End PBXResourcesBuildPhase section */

/* Begin PBXShellScriptBuildPhase section */
		00171572053E7C4FDB4D0184 /* [CP] Embed Pods Frameworks */ = {
			isa = PBXShellScriptBuildPhase;
			buildActionMask = 2147483647;
			files = (
			);
			inputFileListPaths = (
				"${PODS_ROOT}/Target Support Files/Pods-FoodDeliveryApp/Pods-FoodDeliveryApp-frameworks-${CONFIGURATION}-input-files.xcfilelist",
			);
			name = "[CP] Embed Pods Frameworks";
			outputFileListPaths = (
				"${PODS_ROOT}/Target Support Files/Pods-FoodDeliveryApp/Pods-FoodDeliveryApp-frameworks-${CONFIGURATION}-output-files.xcfilelist",
			);
			runOnlyForDeploymentPostprocessing = 0;
			shellPath = /bin/sh;
			shellScript = "\"${PODS_ROOT}/Target Support Files/Pods-FoodDeliveryApp/Pods-FoodDeliveryApp-frameworks.sh\"\n";
			showEnvVarsInLog = 0;
		};
		69FE4D3079ECCDFD3D3BFB6E /* [CP] Check Pods Manifest.lock */ = {
			isa = PBXShellScriptBuildPhase;
			buildActionMask = 2147483647;
			files = (
			);
			inputFileListPaths = (
			);
			inputPaths = (
				"${PODS_PODFILE_DIR_PATH}/Podfile.lock",
				"${PODS_ROOT}/Manifest.lock",
			);
			name = "[CP] Check Pods Manifest.lock";
			outputFileListPaths = (
			);
			outputPaths = (
				"$(DERIVED_FILE_DIR)/Pods-FoodDeliveryApp-checkManifestLockResult.txt",
			);
			runOnlyForDeploymentPostprocessing = 0;
			shellPath = /bin/sh;
			shellScript = "diff \"${PODS_PODFILE_DIR_PATH}/Podfile.lock\" \"${PODS_ROOT}/Manifest.lock\" > /dev/null\nif [ $? != 0 ] ; then\n    # print error to STDERR\n    echo \"error: The sandbox is not in sync with the Podfile.lock. Run 'pod install' or update your CocoaPods installation.\" >&2\n    exit 1\nfi\n# This output is used by Xcode 'outputs' to avoid re-running this script phase.\necho \"SUCCESS\" > \"${SCRIPT_OUTPUT_FILE_0}\"\n";
			showEnvVarsInLog = 0;
		};
/* End PBXShellScriptBuildPhase section */

/* Begin PBXSourcesBuildPhase section */
		5268CB6026E28D9900ED4DCE /* Sources */ = {
			isa = PBXSourcesBuildPhase;
			buildActionMask = 2147483647;
			files = (
				527CBC4826E3E9640092D026 /* ApiManager.swift in Sources */,
				52EA36CF26E29F4E00D30432 /* UIView.swift in Sources */,
				52E0796426E716B700B635BE /* BaseRouter.swift in Sources */,
				5216070526E3B27500025196 /* CartCell.swift in Sources */,
				5216071C26E3B9E500025196 /* CartContainerVC.swift in Sources */,
				5216071126E3B54100025196 /* CartVC.swift in Sources */,
				52150AF326E50EC300878532 /* MenuInteractor.swift in Sources */,
				5216070D26E3B52700025196 /* OrderVC.swift in Sources */,
				527CBC3D26E3D9D80092D026 /* Network.swift in Sources */,
				52E0796026E7163700B635BE /* CartPresenter.swift in Sources */,
				5268CB6C26E28D9900ED4DCE /* ViewController.swift in Sources */,
				522FB22526E347370031F67A /* MenuFilterCell.swift in Sources */,
				52EA36CB26E29E9D00D30432 /* CALayer.swift in Sources */,
				527CBC4626E3E6B40092D026 /* Order.swift in Sources */,
				52EA36D626E2A42D00D30432 /* MenuFloatingPanelController.swift in Sources */,
				522FB22226E342C70031F67A /* FloatingButton.swift in Sources */,
				52EA36D826E2A56900D30432 /* AppStoryboard.swift in Sources */,
				52EA36E026E2B56900D30432 /* Color.swift in Sources */,
				52EA36CD26E29F2800D30432 /* Optional.swift in Sources */,
				52F8485F26E298E40021DC8B /* MenuCell.swift in Sources */,
				52EA36E226E2B8BB00D30432 /* UIViewController.swift in Sources */,
				52E0796226E7164000B635BE /* CartInteractor.swift in Sources */,
				5216071F26E3C1F700025196 /* CartFooterCell.swift in Sources */,
				5216071326E3B57E00025196 /* HomeRouter.swift in Sources */,
				527CBC4C26E3F28B0092D026 /* ListTranfrom.swift in Sources */,
				5216070F26E3B53200025196 /* InformationVC.swift in Sources */,
				52F8485726E295930021DC8B /* HomeVC.swift in Sources */,
				5216072226E3C66A00025196 /* BaseVC.swift in Sources */,
				527CBC4A26E3EE660092D026 /* MenuApiService.swift in Sources */,
				52150AED26E503DB00878532 /* BaseResponse.swift in Sources */,
				52EA36D326E2A33A00D30432 /* MenuVC.swift in Sources */,
				52EA36AD26E29A5000D30432 /* NSObject.swift in Sources */,
				52150AF126E50EB700878532 /* MenuRouter.swift in Sources */,
				52EA36DE26E2ACAD00D30432 /* Font.swift in Sources */,
				52150AF526E5179300878532 /* ErrorTracker.swift in Sources */,
				527CBC4126E3DF900092D026 /* Menu.swift in Sources */,
				52E0795C26E7136500B635BE /* HomeInteractor.swift in Sources */,
				52150AF726E517AA00878532 /* ActivityTracker.swift in Sources */,
				52150AFB26E52D9100878532 /* Double.swift in Sources */,
				52150AF926E517DE00878532 /* Reactive.swift in Sources */,
				5268CB6826E28D9900ED4DCE /* AppDelegate.swift in Sources */,
				52E0795E26E7162D00B635BE /* CartRouter.swift in Sources */,
				526D980C26E60D3C0013F951 /* FilterView.swift in Sources */,
				5268CB6A26E28D9900ED4DCE /* SceneDelegate.swift in Sources */,
				522FB21E26E341140031F67A /* SwipePageVC.swift in Sources */,
				52F8486326E2998A0021DC8B /* UITableView.swift in Sources */,
				522FB21C26E32BB00031F67A /* Constants.swift in Sources */,
				52150AEF26E50EB000878532 /* MenuPresenter.swift in Sources */,
				52E0795A26E712A200B635BE /* HomePresenter.swift in Sources */,
			);
			runOnlyForDeploymentPostprocessing = 0;
		};
/* End PBXSourcesBuildPhase section */

/* Begin PBXVariantGroup section */
		5268CB6D26E28D9900ED4DCE /* Main.storyboard */ = {
			isa = PBXVariantGroup;
			children = (
				5268CB6E26E28D9900ED4DCE /* Base */,
			);
			name = Main.storyboard;
			sourceTree = "<group>";
		};
		5268CB7226E28D9A00ED4DCE /* LaunchScreen.storyboard */ = {
			isa = PBXVariantGroup;
			children = (
				5268CB7326E28D9A00ED4DCE /* Base */,
			);
			name = LaunchScreen.storyboard;
			sourceTree = "<group>";
		};
/* End PBXVariantGroup section */

/* Begin XCBuildConfiguration section */
		5268CB7626E28D9A00ED4DCE /* Debug */ = {
			isa = XCBuildConfiguration;
			buildSettings = {
				ALWAYS_SEARCH_USER_PATHS = NO;
				CLANG_ANALYZER_NONNULL = YES;
				CLANG_ANALYZER_NUMBER_OBJECT_CONVERSION = YES_AGGRESSIVE;
				CLANG_CXX_LANGUAGE_STANDARD = "gnu++14";
				CLANG_CXX_LIBRARY = "libc++";
				CLANG_ENABLE_MODULES = YES;
				CLANG_ENABLE_OBJC_ARC = YES;
				CLANG_ENABLE_OBJC_WEAK = YES;
				CLANG_WARN_BLOCK_CAPTURE_AUTORELEASING = YES;
				CLANG_WARN_BOOL_CONVERSION = YES;
				CLANG_WARN_COMMA = YES;
				CLANG_WARN_CONSTANT_CONVERSION = YES;
				CLANG_WARN_DEPRECATED_OBJC_IMPLEMENTATIONS = YES;
				CLANG_WARN_DIRECT_OBJC_ISA_USAGE = YES_ERROR;
				CLANG_WARN_DOCUMENTATION_COMMENTS = YES;
				CLANG_WARN_EMPTY_BODY = YES;
				CLANG_WARN_ENUM_CONVERSION = YES;
				CLANG_WARN_INFINITE_RECURSION = YES;
				CLANG_WARN_INT_CONVERSION = YES;
				CLANG_WARN_NON_LITERAL_NULL_CONVERSION = YES;
				CLANG_WARN_OBJC_IMPLICIT_RETAIN_SELF = YES;
				CLANG_WARN_OBJC_LITERAL_CONVERSION = YES;
				CLANG_WARN_OBJC_ROOT_CLASS = YES_ERROR;
				CLANG_WARN_QUOTED_INCLUDE_IN_FRAMEWORK_HEADER = YES;
				CLANG_WARN_RANGE_LOOP_ANALYSIS = YES;
				CLANG_WARN_STRICT_PROTOTYPES = YES;
				CLANG_WARN_SUSPICIOUS_MOVE = YES;
				CLANG_WARN_UNGUARDED_AVAILABILITY = YES_AGGRESSIVE;
				CLANG_WARN_UNREACHABLE_CODE = YES;
				CLANG_WARN__DUPLICATE_METHOD_MATCH = YES;
				COPY_PHASE_STRIP = NO;
				DEBUG_INFORMATION_FORMAT = dwarf;
				ENABLE_STRICT_OBJC_MSGSEND = YES;
				ENABLE_TESTABILITY = YES;
				GCC_C_LANGUAGE_STANDARD = gnu11;
				GCC_DYNAMIC_NO_PIC = NO;
				GCC_NO_COMMON_BLOCKS = YES;
				GCC_OPTIMIZATION_LEVEL = 0;
				GCC_PREPROCESSOR_DEFINITIONS = (
					"DEBUG=1",
					"$(inherited)",
				);
				GCC_WARN_64_TO_32_BIT_CONVERSION = YES;
				GCC_WARN_ABOUT_RETURN_TYPE = YES_ERROR;
				GCC_WARN_UNDECLARED_SELECTOR = YES;
				GCC_WARN_UNINITIALIZED_AUTOS = YES_AGGRESSIVE;
				GCC_WARN_UNUSED_FUNCTION = YES;
				GCC_WARN_UNUSED_VARIABLE = YES;
				IPHONEOS_DEPLOYMENT_TARGET = 14.5;
				MTL_ENABLE_DEBUG_INFO = INCLUDE_SOURCE;
				MTL_FAST_MATH = YES;
				ONLY_ACTIVE_ARCH = YES;
				SDKROOT = iphoneos;
				SWIFT_ACTIVE_COMPILATION_CONDITIONS = DEBUG;
				SWIFT_OPTIMIZATION_LEVEL = "-Onone";
			};
			name = Debug;
		};
		5268CB7726E28D9A00ED4DCE /* Release */ = {
			isa = XCBuildConfiguration;
			buildSettings = {
				ALWAYS_SEARCH_USER_PATHS = NO;
				CLANG_ANALYZER_NONNULL = YES;
				CLANG_ANALYZER_NUMBER_OBJECT_CONVERSION = YES_AGGRESSIVE;
				CLANG_CXX_LANGUAGE_STANDARD = "gnu++14";
				CLANG_CXX_LIBRARY = "libc++";
				CLANG_ENABLE_MODULES = YES;
				CLANG_ENABLE_OBJC_ARC = YES;
				CLANG_ENABLE_OBJC_WEAK = YES;
				CLANG_WARN_BLOCK_CAPTURE_AUTORELEASING = YES;
				CLANG_WARN_BOOL_CONVERSION = YES;
				CLANG_WARN_COMMA = YES;
				CLANG_WARN_CONSTANT_CONVERSION = YES;
				CLANG_WARN_DEPRECATED_OBJC_IMPLEMENTATIONS = YES;
				CLANG_WARN_DIRECT_OBJC_ISA_USAGE = YES_ERROR;
				CLANG_WARN_DOCUMENTATION_COMMENTS = YES;
				CLANG_WARN_EMPTY_BODY = YES;
				CLANG_WARN_ENUM_CONVERSION = YES;
				CLANG_WARN_INFINITE_RECURSION = YES;
				CLANG_WARN_INT_CONVERSION = YES;
				CLANG_WARN_NON_LITERAL_NULL_CONVERSION = YES;
				CLANG_WARN_OBJC_IMPLICIT_RETAIN_SELF = YES;
				CLANG_WARN_OBJC_LITERAL_CONVERSION = YES;
				CLANG_WARN_OBJC_ROOT_CLASS = YES_ERROR;
				CLANG_WARN_QUOTED_INCLUDE_IN_FRAMEWORK_HEADER = YES;
				CLANG_WARN_RANGE_LOOP_ANALYSIS = YES;
				CLANG_WARN_STRICT_PROTOTYPES = YES;
				CLANG_WARN_SUSPICIOUS_MOVE = YES;
				CLANG_WARN_UNGUARDED_AVAILABILITY = YES_AGGRESSIVE;
				CLANG_WARN_UNREACHABLE_CODE = YES;
				CLANG_WARN__DUPLICATE_METHOD_MATCH = YES;
				COPY_PHASE_STRIP = NO;
				DEBUG_INFORMATION_FORMAT = "dwarf-with-dsym";
				ENABLE_NS_ASSERTIONS = NO;
				ENABLE_STRICT_OBJC_MSGSEND = YES;
				GCC_C_LANGUAGE_STANDARD = gnu11;
				GCC_NO_COMMON_BLOCKS = YES;
				GCC_WARN_64_TO_32_BIT_CONVERSION = YES;
				GCC_WARN_ABOUT_RETURN_TYPE = YES_ERROR;
				GCC_WARN_UNDECLARED_SELECTOR = YES;
				GCC_WARN_UNINITIALIZED_AUTOS = YES_AGGRESSIVE;
				GCC_WARN_UNUSED_FUNCTION = YES;
				GCC_WARN_UNUSED_VARIABLE = YES;
				IPHONEOS_DEPLOYMENT_TARGET = 14.5;
				MTL_ENABLE_DEBUG_INFO = NO;
				MTL_FAST_MATH = YES;
				SDKROOT = iphoneos;
				SWIFT_COMPILATION_MODE = wholemodule;
				SWIFT_OPTIMIZATION_LEVEL = "-O";
				VALIDATE_PRODUCT = YES;
			};
			name = Release;
		};
		5268CB7926E28D9A00ED4DCE /* Debug */ = {
			isa = XCBuildConfiguration;
			baseConfigurationReference = 74CA209587E0D81F04762523 /* Pods-FoodDeliveryApp.debug.xcconfig */;
			buildSettings = {
				ASSETCATALOG_COMPILER_APPICON_NAME = AppIcon;
				ASSETCATALOG_COMPILER_GLOBAL_ACCENT_COLOR_NAME = AccentColor;
				CODE_SIGN_STYLE = Automatic;
				DEVELOPMENT_TEAM = FL4356CF9D;
				INFOPLIST_FILE = FoodDeliveryApp/Info.plist;
				IPHONEOS_DEPLOYMENT_TARGET = 12.0;
				LD_RUNPATH_SEARCH_PATHS = (
					"$(inherited)",
					"@executable_path/Frameworks",
				);
				PRODUCT_BUNDLE_IDENTIFIER = com.sheilar.FoodDeliveryApp;
				PRODUCT_NAME = "$(TARGET_NAME)";
				SWIFT_VERSION = 5.0;
				TARGETED_DEVICE_FAMILY = 1;
			};
			name = Debug;
		};
		5268CB7A26E28D9A00ED4DCE /* Release */ = {
			isa = XCBuildConfiguration;
			baseConfigurationReference = DEDAAA89AFBA329E9915F15D /* Pods-FoodDeliveryApp.release.xcconfig */;
			buildSettings = {
				ASSETCATALOG_COMPILER_APPICON_NAME = AppIcon;
				ASSETCATALOG_COMPILER_GLOBAL_ACCENT_COLOR_NAME = AccentColor;
				CODE_SIGN_STYLE = Automatic;
				DEVELOPMENT_TEAM = FL4356CF9D;
				INFOPLIST_FILE = FoodDeliveryApp/Info.plist;
				IPHONEOS_DEPLOYMENT_TARGET = 12.0;
				LD_RUNPATH_SEARCH_PATHS = (
					"$(inherited)",
					"@executable_path/Frameworks",
				);
				PRODUCT_BUNDLE_IDENTIFIER = com.sheilar.FoodDeliveryApp;
				PRODUCT_NAME = "$(TARGET_NAME)";
				SWIFT_VERSION = 5.0;
				TARGETED_DEVICE_FAMILY = 1;
			};
			name = Release;
		};
/* End XCBuildConfiguration section */

/* Begin XCConfigurationList section */
		5268CB5F26E28D9900ED4DCE /* Build configuration list for PBXProject "FoodDeliveryApp" */ = {
			isa = XCConfigurationList;
			buildConfigurations = (
				5268CB7626E28D9A00ED4DCE /* Debug */,
				5268CB7726E28D9A00ED4DCE /* Release */,
			);
			defaultConfigurationIsVisible = 0;
			defaultConfigurationName = Release;
		};
		5268CB7826E28D9A00ED4DCE /* Build configuration list for PBXNativeTarget "FoodDeliveryApp" */ = {
			isa = XCConfigurationList;
			buildConfigurations = (
				5268CB7926E28D9A00ED4DCE /* Debug */,
				5268CB7A26E28D9A00ED4DCE /* Release */,
			);
			defaultConfigurationIsVisible = 0;
			defaultConfigurationName = Release;
		};
/* End XCConfigurationList section */
	};
	rootObject = 5268CB5C26E28D9900ED4DCE /* Project object */;
}
